# THIS IS AN AUTOGENERATED FILE. DO NOT EDIT THIS FILE DIRECTLY.
# yarn lockfile v1


react-google-charts@^3.0.15:
  version "3.0.15"
  resolved "https://registry.yarnpkg.com/react-google-charts/-/react-google-charts-3.0.15.tgz#30759a470f48336e744fd383d054122b039a1ff2"
  integrity sha512-78s5xOQOJvL+jIewrWQZEHtlVk+5Yh4zZy+ODA1on1o1FaRjKWXxoo4n4JQl1XuqkF/A9NWque3KqM6pMggjzQ==
  dependencies:
    react-load-script "^0.0.6"

react-load-script@^0.0.6:
  version "0.0.6"
  resolved "https://registry.yarnpkg.com/react-load-script/-/react-load-script-0.0.6.tgz#db6851236aaa25bb622677a2eb51dad4f8d2c258"
  integrity sha512-aRGxDGP9VoLxcsaYvKWIW+LRrMOzz2eEcubTS4NvQPPugjk2VvMhow0wWTkSl7RxookomD1MwcP4l5UStg5ShQ==
